
Microsoft Visual Studio Solution File, Format Version 12.00
# Visual Studio Version 16
VisualStudioVersion = 25.0.1706.6
MinimumVisualStudioVersion = 10.0.40219.1
Project("{FAE04EC0-301F-11D3-BF4B-00C04F79EFBC}") = "ShopFastAPIDonet.Domain", "ShopFastAPIDonet.Domain\ShopFastAPIDonet.Domain.csproj", "{470D0EE5-7B8F-485B-A7C3-1A70B3529805}"
EndProject
Project("{FAE04EC0-301F-11D3-BF4B-00C04F79EFBC}") = "ShopFastAPIDonet.Infra.Data", "ShopFastAPIDonet.Infra.Data\ShopFastAPIDonet.Infra.Data.csproj", "{F30948CD-3B6D-4A20-B374-D64EAF12E90A}"
EndProject
Project("{FAE04EC0-301F-11D3-BF4B-00C04F79EFBC}") = "ShopFastAPIDonet.Application", "ShopFastAPIDonet.Application\ShopFastAPIDonet.Application.csproj", "{6067574E-C4D5-40EA-BCDC-8A0721AA9417}"
EndProject
Project("{FAE04EC0-301F-11D3-BF4B-00C04F79EFBC}") = "ShopFastAPIDonet.Infra.IoC", "ShopFastAPIDonet.Infra.IoC\ShopFastAPIDonet.Infra.IoC.csproj", "{801E9303-F2B2-459B-B6AF-6C46F9BCD246}"
EndProject
Project("{FAE04EC0-301F-11D3-BF4B-00C04F79EFBC}") = "ShopFastAPIDonet.Api", "ShopFastAPIDonet.Api\ShopFastAPIDonet.Api.csproj", "{C79A62D6-681E-49A2-8583-5EE6A4D91E11}"
EndProject
Global
	GlobalSection(SolutionConfigurationPlatforms) = preSolution
		Debug|Any CPU = Debug|Any CPU
		Release|Any CPU = Release|Any CPU
	EndGlobalSection
	GlobalSection(ProjectConfigurationPlatforms) = postSolution
		{470D0EE5-7B8F-485B-A7C3-1A70B3529805}.Debug|Any CPU.ActiveCfg = Debug|Any CPU
		{470D0EE5-7B8F-485B-A7C3-1A70B3529805}.Debug|Any CPU.Build.0 = Debug|Any CPU
		{470D0EE5-7B8F-485B-A7C3-1A70B3529805}.Release|Any CPU.ActiveCfg = Release|Any CPU
		{470D0EE5-7B8F-485B-A7C3-1A70B3529805}.Release|Any CPU.Build.0 = Release|Any CPU
		{F30948CD-3B6D-4A20-B374-D64EAF12E90A}.Debug|Any CPU.ActiveCfg = Debug|Any CPU
		{F30948CD-3B6D-4A20-B374-D64EAF12E90A}.Debug|Any CPU.Build.0 = Debug|Any CPU
		{F30948CD-3B6D-4A20-B374-D64EAF12E90A}.Release|Any CPU.ActiveCfg = Release|Any CPU
		{F30948CD-3B6D-4A20-B374-D64EAF12E90A}.Release|Any CPU.Build.0 = Release|Any CPU
		{6067574E-C4D5-40EA-BCDC-8A0721AA9417}.Debug|Any CPU.ActiveCfg = Debug|Any CPU
		{6067574E-C4D5-40EA-BCDC-8A0721AA9417}.Debug|Any CPU.Build.0 = Debug|Any CPU
		{6067574E-C4D5-40EA-BCDC-8A0721AA9417}.Release|Any CPU.ActiveCfg = Release|Any CPU
		{6067574E-C4D5-40EA-BCDC-8A0721AA9417}.Release|Any CPU.Build.0 = Release|Any CPU
		{801E9303-F2B2-459B-B6AF-6C46F9BCD246}.Debug|Any CPU.ActiveCfg = Debug|Any CPU
		{801E9303-F2B2-459B-B6AF-6C46F9BCD246}.Debug|Any CPU.Build.0 = Debug|Any CPU
		{801E9303-F2B2-459B-B6AF-6C46F9BCD246}.Release|Any CPU.ActiveCfg = Release|Any CPU
		{801E9303-F2B2-459B-B6AF-6C46F9BCD246}.Release|Any CPU.Build.0 = Release|Any CPU
		{C79A62D6-681E-49A2-8583-5EE6A4D91E11}.Debug|Any CPU.ActiveCfg = Debug|Any CPU
		{C79A62D6-681E-49A2-8583-5EE6A4D91E11}.Debug|Any CPU.Build.0 = Debug|Any CPU
		{C79A62D6-681E-49A2-8583-5EE6A4D91E11}.Release|Any CPU.ActiveCfg = Release|Any CPU
		{C79A62D6-681E-49A2-8583-5EE6A4D91E11}.Release|Any CPU.Build.0 = Release|Any CPU
	EndGlobalSection
	GlobalSection(SolutionProperties) = preSolution
		HideSolutionNode = FALSE
	EndGlobalSection
	GlobalSection(ExtensibilityGlobals) = postSolution
		SolutionGuid = {64DC4460-4808-416A-B844-EC62C9DF197D}
	EndGlobalSection
EndGlobal
